{
  "version": 4,
  "terraform_version": "0.13.3",
  "serial": 12,
  "lineage": "769b7456-dd3b-b134-045c-a4d06c370f2e",
  "outputs": {},
  "resources": [
    {
      "mode": "managed",
      "type": "aws_eip",
      "name": "eip",
      "provider": "provider[\"registry.terraform.io/hashicorp/aws\"]",
      "instances": [
        {
          "schema_version": 0,
          "attributes": {
            "address": null,
            "allocation_id": "eipalloc-19c01eba",
            "associate_with_private_ip": null,
            "association_id": "eipassoc-94b6eb49",
            "carrier_ip": "",
            "customer_owned_ip": "",
            "customer_owned_ipv4_pool": "",
            "domain": "vpc",
            "id": "eipalloc-19c01eba",
            "instance": "i-4fc3a406b10856a69",
            "network_border_group": "",
            "network_interface": "eni-351c4383",
            "private_dns": null,
            "private_ip": "",
            "public_dns": "ec2-127-115-42-223.eu-west-2.compute.amazonaws.com",
            "public_ip": "127.115.42.223",
            "public_ipv4_pool": "",
            "tags": {},
            "tags_all": {},
            "timeouts": null,
            "vpc": true
          },
          "private": "eyJlMmJmYjczMC1lY2FhLTExZTYtOGY4OC0zNDM2M2JjN2M0YzAiOnsiZGVsZXRlIjoxODAwMDAwMDAwMDAsInJlYWQiOjkwMDAwMDAwMDAwMCwidXBkYXRlIjozMDAwMDAwMDAwMDB9fQ==",
          "dependencies": [
            "aws_instance.cerberus"
          ]
        }
      ]
    },
    {
      "mode": "managed",
      "type": "aws_instance",
      "name": "cerberus",
      "provider": "provider[\"registry.terraform.io/hashicorp/aws\"]",
      "instances": [
        {
          "schema_version": 1,
          "attributes": {
            "ami": "ami-06178cf087598769c",
            "arn": "arn:aws:ec2:eu-west-2::instance/i-4fc3a406b10856a69",
            "associate_public_ip_address": true,
            "availability_zone": "eu-west-2a",
            "capacity_reservation_specification": [],
            "cpu_core_count": null,
            "cpu_threads_per_core": null,
            "credit_specification": [],
            "disable_api_termination": false,
            "ebs_block_device": [],
            "ebs_optimized": false,
            "enclave_options": [],
            "ephemeral_block_device": [],
            "get_password_data": false,
            "hibernation": null,
            "host_id": null,
            "iam_instance_profile": "",
            "id": "i-4fc3a406b10856a69",
            "instance_initiated_shutdown_behavior": "",
            "instance_state": "running",
            "instance_type": "m5.large",
            "ipv6_address_count": 0,
            "ipv6_addresses": [],
            "key_name": "cerberus",
            "launch_template": [],
            "metadata_options": [],
            "monitoring": false,
            "network_interface": [],
            "outpost_arn": "",
            "password_data": "",
            "placement_group": "",
            "placement_partition_number": null,
            "primary_network_interface_id": "eni-351c4383",
            "private_dns": "ip-10-47-29-178.eu-west-2.compute.internal",
            "private_ip": "10.47.29.178",
            "public_dns": "ec2-127-115-42-223.eu-west-2.compute.amazonaws.com",
            "public_ip": "127.115.42.223",
            "root_block_device": [
              {
                "delete_on_termination": true,
                "device_name": "/dev/sda1",
                "encrypted": false,
                "iops": 0,
                "kms_key_id": "",
                "tags": {},
                "throughput": 0,
                "volume_id": "vol-702e0a41",
                "volume_size": 8,
                "volume_type": "standard"
              }
            ],
            "secondary_private_ips": [],
            "security_groups": [],
            "source_dest_check": true,
            "subnet_id": "subnet-466e63f5",
            "tags": {},
            "tags_all": {},
            "tenancy": "default",
            "timeouts": null,
            "user_data": "cc3f250285696c75564f60493ea7323dc4d9a367",
            "user_data_base64": null,
            "user_data_replace_on_change": false,
            "volume_tags": null,
            "vpc_security_group_ids": []
          },
          "private": "eyJlMmJmYjczMC1lY2FhLTExZTYtOGY4OC0zNDM2M2JjN2M0YzAiOnsiY3JlYXRlIjo2MDAwMDAwMDAwMDAsImRlbGV0ZSI6MTIwMDAwMDAwMDAwMCwidXBkYXRlIjo2MDAwMDAwMDAwMDB9LCJzY2hlbWFfdmVyc2lvbiI6IjEifQ==",
          "dependencies": [
            "aws_key_pair.cerberus-key"
          ]
        }
      ]
    },
    {
      "mode": "managed",
      "type": "aws_key_pair",
      "name": "cerberus-key",
      "provider": "provider[\"registry.terraform.io/hashicorp/aws\"]",
      "instances": [
        {
          "schema_version": 1,
          "attributes": {
            "arn": "arn:aws:ec2:eu-west-2::key-pair/cerberus",
            "fingerprint": "c7:fd:7d:b6:2f:85:73:6b:45:99:37:db:51:06:c5:4b",
            "id": "cerberus",
            "key_name": "cerberus",
            "key_name_prefix": "",
            "key_pair_id": "",
            "public_key": "ssh-rsa AAAAB3NzaC1yc2EAAAADAQABAAABAQDHxE562DxUA53ECO5N8H+r9tTYOjdU7F4/dxGDapUTPZbbN0SevlrhUmTxHGgDjZ18VPZeUpcyTsDwreA08H/xQ3akkQnLGEe4wWhAvffB8pKPm3yta7F2GkOQufk5YQw0ODTeN25Uzg+CzvDU+TPLCPv0Bo0QgltyN9cD/vX8jjSSgOWpjBP2thUzKY/9oMgfvcNJcvtVtk7Ox4e5HAp5ZYo/lm0oqxzMgtFDEJHonU4rHCw/x4Ofr5mZFVFqniUwfruf2e7Dct0UsRt0CTKWe0oKblfluXmPpWIZyB8DgFv1hCwpJcacqzo4Gdly1WTjJ7xZLSZ4Y57QaN7Kpsel root@iac-server",
            "tags": {},
            "tags_all": {}
          },
          "private": "eyJzY2hlbWFfdmVyc2lvbiI6IjEifQ=="
        }
      ]
    }
  ]
}
